// !$*UTF8*$!
{
	archiveVersion = 1;
	classes = {
	};
	objectVersion = 46;
	objects = {

/* Begin PBXBuildFile section */
		0A8BD68C1F231DF2003D6155 /* CollapsibleTableViewHeader.swift in Sources */ = {isa = PBXBuildFile; fileRef = 0A8BD6881F231DF2003D6155 /* CollapsibleTableViewHeader.swift */; };
		DCCE72C83EC86066CC70813D /* CollapsibleSectionTableViewDelegate.swift in Sources */ = {isa = PBXBuildFile; fileRef = DCCE7C132273CC6B2982042F /* CollapsibleSectionTableViewDelegate.swift */; };
		DCCE73763F38C65465799641 /* UITableViewExtenstion.swift in Sources */ = {isa = PBXBuildFile; fileRef = DCCE762B0309AB88A1A6193E /* UITableViewExtenstion.swift */; };
		DCCE743C2D386BC3CB2DE86B /* CollapsibleSectionTableView.swift in Sources */ = {isa = PBXBuildFile; fileRef = DCCE70604CF8B4809AB48FAD /* CollapsibleSectionTableView.swift */; };
/* End PBXBuildFile section */

/* Begin PBXFileReference section */
		0A8BD66C1F231B2C003D6155 /* CollapsibleSectionTableView.framework */ = {isa = PBXFileReference; explicitFileType = wrapper.framework; includeInIndex = 0; path = CollapsibleSectionTableView.framework; sourceTree = BUILT_PRODUCTS_DIR; };
		0A8BD6701F231B2C003D6155 /* Info.plist */ = {isa = PBXFileReference; lastKnownFileType = text.plist.info; path = Info.plist; sourceTree = "<group>"; };
		0A8BD6881F231DF2003D6155 /* CollapsibleTableViewHeader.swift */ = {isa = PBXFileReference; fileEncoding = 4; lastKnownFileType = sourcecode.swift; path = CollapsibleTableViewHeader.swift; sourceTree = "<group>"; };
		DCCE70604CF8B4809AB48FAD /* CollapsibleSectionTableView.swift */ = {isa = PBXFileReference; fileEncoding = 4; lastKnownFileType = sourcecode.swift; path = CollapsibleSectionTableView.swift; sourceTree = "<group>"; };
		DCCE762B0309AB88A1A6193E /* UITableViewExtenstion.swift */ = {isa = PBXFileReference; fileEncoding = 4; lastKnownFileType = sourcecode.swift; path = UITableViewExtenstion.swift; sourceTree = "<group>"; };
		DCCE7C132273CC6B2982042F /* CollapsibleSectionTableViewDelegate.swift */ = {isa = PBXFileReference; fileEncoding = 4; lastKnownFileType = sourcecode.swift; path = CollapsibleSectionTableViewDelegate.swift; sourceTree = "<group>"; };
/* End PBXFileReference section */

/* Begin PBXFrameworksBuildPhase section */
		0A8BD6681F231B2C003D6155 /* Frameworks */ = {
			isa = PBXFrameworksBuildPhase;
			buildActionMask = 2147483647;
			files = (
			);
			runOnlyForDeploymentPostprocessing = 0;
		};
/* End PBXFrameworksBuildPhase section */

/* Begin PBXGroup section */
		0A8BD6621F231B2C003D6155 = {
			isa = PBXGroup;
			children = (
				0A8BD66E1F231B2C003D6155 /* CollapsibleSectionTableView */,
				0A8BD66D1F231B2C003D6155 /* Products */,
			);
			sourceTree = "<group>";
		};
		0A8BD66D1F231B2C003D6155 /* Products */ = {
			isa = PBXGroup;
			children = (
				0A8BD66C1F231B2C003D6155 /* CollapsibleSectionTableView.framework */,
			);
			name = Products;
			sourceTree = "<group>";
		};
		0A8BD66E1F231B2C003D6155 /* CollapsibleSectionTableView */ = {
			isa = PBXGroup;
			children = (
				0A8BD6881F231DF2003D6155 /* CollapsibleTableViewHeader.swift */,
				DCCE70604CF8B4809AB48FAD /* CollapsibleSectionTableView.swift */,
				DCCE7C132273CC6B2982042F /* CollapsibleSectionTableViewDelegate.swift */,
				DCCE762B0309AB88A1A6193E /* UITableViewExtenstion.swift */,
				0A8BD6701F231B2C003D6155 /* Info.plist */,
			);
			path = CollapsibleSectionTableView;
			sourceTree = "<group>";
		};
/* End PBXGroup section */

/* Begin PBXHeadersBuildPhase section */
		0A8BD6691F231B2C003D6155 /* Headers */ = {
			isa = PBXHeadersBuildPhase;
			buildActionMask = 2147483647;
			files = (
			);
			runOnlyForDeploymentPostprocessing = 0;
		};
/* End PBXHeadersBuildPhase section */

/* Begin PBXNativeTarget section */
		0A8BD66B1F231B2C003D6155 /* CollapsibleSectionTableView */ = {
			isa = PBXNativeTarget;
			buildConfigurationList = 0A8BD6801F231B2C003D6155 /* Build configuration list for PBXNativeTarget "CollapsibleSectionTableView" */;
			buildPhases = (
				0A8BD6671F231B2C003D6155 /* Sources */,
				0A8BD6681F231B2C003D6155 /* Frameworks */,
				0A8BD6691F231B2C003D6155 /* Headers */,
				0A8BD66A1F231B2C003D6155 /* Resources */,
			);
			buildRules = (
			);
			dependencies = (
			);
			name = CollapsibleSectionTableView;
			productName = CollapsibleTableSectionViewController;
			productReference = 0A8BD66C1F231B2C003D6155 /* CollapsibleSectionTableView.framework */;
			productType = "com.apple.product-type.framework";
		};
/* End PBXNativeTarget section */

/* Begin PBXProject section */
		0A8BD6631F231B2C003D6155 /* Project object */ = {
			isa = PBXProject;
			attributes = {
				LastSwiftUpdateCheck = 0830;
				LastUpgradeCheck = 0830;
				ORGANIZATIONNAME = jeantimex;
				TargetAttributes = {
					0A8BD66B1F231B2C003D6155 = {
						CreatedOnToolsVersion = 8.3.3;
						LastSwiftMigration = 0830;
						ProvisioningStyle = Automatic;
					};
				};
			};
			buildConfigurationList = 0A8BD6661F231B2C003D6155 /* Build configuration list for PBXProject "CollapsibleSectionTableView" */;
			compatibilityVersion = "Xcode 3.2";
			developmentRegion = English;
			hasScannedForEncodings = 0;
			knownRegions = (
				en,
			);
			mainGroup = 0A8BD6621F231B2C003D6155;
			productRefGroup = 0A8BD66D1F231B2C003D6155 /* Products */;
			projectDirPath = "";
			projectRoot = "";
			targets = (
				0A8BD66B1F231B2C003D6155 /* CollapsibleSectionTableView */,
			);
		};
/* End PBXProject section */

/* Begin PBXResourcesBuildPhase section */
		0A8BD66A1F231B2C003D6155 /* Resources */ = {
			isa = PBXResourcesBuildPhase;
			buildActionMask = 2147483647;
			files = (
			);
			runOnlyForDeploymentPostprocessing = 0;
		};
/* End PBXResourcesBuildPhase section */

/* Begin PBXSourcesBuildPhase section */
		0A8BD6671F231B2C003D6155 /* Sources */ = {
			isa = PBXSourcesBuildPhase;
			buildActionMask = 2147483647;
			files = (
				0A8BD68C1F231DF2003D6155 /* CollapsibleTableViewHeader.swift in Sources */,
				DCCE743C2D386BC3CB2DE86B /* CollapsibleSectionTableView.swift in Sources */,
				DCCE72C83EC86066CC70813D /* CollapsibleSectionTableViewDelegate.swift in Sources */,
				DCCE73763F38C65465799641 /* UITableViewExtenstion.swift in Sources */,
			);
			runOnlyForDeploymentPostprocessing = 0;
		};
/* End PBXSourcesBuildPhase section */

/* Begin XCBuildConfiguration section */
		0A8BD67E1F231B2C003D6155 /* Debug */ = {
			isa = XCBuildConfiguration;
			buildSettings = {
				ALWAYS_SEARCH_USER_PATHS = NO;
				CLANG_ANALYZER_NONNULL = YES;
				CLANG_ANALYZER_NUMBER_OBJECT_CONVERSION = YES_AGGRESSIVE;
				CLANG_CXX_LANGUAGE_STANDARD = "gnu++0x";
				CLANG_CXX_LIBRARY = "libc++";
				CLANG_ENABLE_MODULES = YES;
				CLANG_ENABLE_OBJC_ARC = YES;
				CLANG_WARN_BOOL_CONVERSION = YES;
				CLANG_WARN_CONSTANT_CONVERSION = YES;
				CLANG_WARN_DIRECT_OBJC_ISA_USAGE = YES_ERROR;
				CLANG_WARN_DOCUMENTATION_COMMENTS = YES;
				CLANG_WARN_EMPTY_BODY = YES;
				CLANG_WARN_ENUM_CONVERSION = YES;
				CLANG_WARN_INFINITE_RECURSION = YES;
				CLANG_WARN_INT_CONVERSION = YES;
				CLANG_WARN_OBJC_ROOT_CLASS = YES_ERROR;
				CLANG_WARN_SUSPICIOUS_MOVE = YES;
				CLANG_WARN_UNREACHABLE_CODE = YES;
				CLANG_WARN__DUPLICATE_METHOD_MATCH = YES;
				"CODE_SIGN_IDENTITY[sdk=iphoneos*]" = "iPhone Developer";
				COPY_PHASE_STRIP = NO;
				CURRENT_PROJECT_VERSION = 1;
				DEBUG_INFORMATION_FORMAT = dwarf;
				ENABLE_STRICT_OBJC_MSGSEND = YES;
				ENABLE_TESTABILITY = YES;
				GCC_C_LANGUAGE_STANDARD = gnu99;
				GCC_DYNAMIC_NO_PIC = NO;
				GCC_NO_COMMON_BLOCKS = YES;
				GCC_OPTIMIZATION_LEVEL = 0;
				GCC_PREPROCESSOR_DEFINITIONS = (
					"DEBUG=1",
					"$(inherited)",
				);
				GCC_WARN_64_TO_32_BIT_CONVERSION = YES;
				GCC_WARN_ABOUT_RETURN_TYPE = YES_ERROR;
				GCC_WARN_UNDECLARED_SELECTOR = YES;
				GCC_WARN_UNINITIALIZED_AUTOS = YES_AGGRESSIVE;
				GCC_WARN_UNUSED_FUNCTION = YES;
				GCC_WARN_UNUSED_VARIABLE = YES;
				IPHONEOS_DEPLOYMENT_TARGET = 10.3;
				MTL_ENABLE_DEBUG_INFO = YES;
				ONLY_ACTIVE_ARCH = YES;
				SDKROOT = iphoneos;
				SWIFT_ACTIVE_COMPILATION_CONDITIONS = DEBUG;
				SWIFT_OPTIMIZATION_LEVEL = "-Onone";
				TARGETED_DEVICE_FAMILY = "1,2";
				VERSIONING_SYSTEM = "apple-generic";
				VERSION_INFO_PREFIX = "";
			};
			name = Debug;
		};
		0A8BD67F1F231B2C003D6155 /* Release */ = {
			isa = XCBuildConfiguration;
			buildSettings = {
				ALWAYS_SEARCH_USER_PATHS = NO;
				CLANG_ANALYZER_NONNULL = YES;
				CLANG_ANALYZER_NUMBER_OBJECT_CONVERSION = YES_AGGRESSIVE;
				CLANG_CXX_LANGUAGE_STANDARD = "gnu++0x";
				CLANG_CXX_LIBRARY = "libc++";
				CLANG_ENABLE_MODULES = YES;
				CLANG_ENABLE_OBJC_ARC = YES;
				CLANG_WARN_BOOL_CONVERSION = YES;
				CLANG_WARN_CONSTANT_CONVERSION = YES;
				CLANG_WARN_DIRECT_OBJC_ISA_USAGE = YES_ERROR;
				CLANG_WARN_DOCUMENTATION_COMMENTS = YES;
				CLANG_WARN_EMPTY_BODY = YES;
				CLANG_WARN_ENUM_CONVERSION = YES;
				CLANG_WARN_INFINITE_RECURSION = YES;
				CLANG_WARN_INT_CONVERSION = YES;
				CLANG_WARN_OBJC_ROOT_CLASS = YES_ERROR;
				CLANG_WARN_SUSPICIOUS_MOVE = YES;
				CLANG_WARN_UNREACHABLE_CODE = YES;
				CLANG_WARN__DUPLICATE_METHOD_MATCH = YES;
				"CODE_SIGN_IDENTITY[sdk=iphoneos*]" = "iPhone Developer";
				COPY_PHASE_STRIP = NO;
				CURRENT_PROJECT_VERSION = 1;
				DEBUG_INFORMATION_FORMAT = "dwarf-with-dsym";
				ENABLE_NS_ASSERTIONS = NO;
				ENABLE_STRICT_OBJC_MSGSEND = YES;
				GCC_C_LANGUAGE_STANDARD = gnu99;
				GCC_NO_COMMON_BLOCKS = YES;
				GCC_WARN_64_TO_32_BIT_CONVERSION = YES;
				GCC_WARN_ABOUT_RETURN_TYPE = YES_ERROR;
				GCC_WARN_UNDECLARED_SELECTOR = YES;
				GCC_WARN_UNINITIALIZED_AUTOS = YES_AGGRESSIVE;
				GCC_WARN_UNUSED_FUNCTION = YES;
				GCC_WARN_UNUSED_VARIABLE = YES;
				IPHONEOS_DEPLOYMENT_TARGET = 10.3;
				MTL_ENABLE_DEBUG_INFO = NO;
				SDKROOT = iphoneos;
				SWIFT_OPTIMIZATION_LEVEL = "-Owholemodule";
				TARGETED_DEVICE_FAMILY = "1,2";
				VALIDATE_PRODUCT = YES;
				VERSIONING_SYSTEM = "apple-generic";
				VERSION_INFO_PREFIX = "";
			};
			name = Release;
		};
		0A8BD6811F231B2C003D6155 /* Debug */ = {
			isa = XCBuildConfiguration;
			buildSettings = {
				CLANG_ENABLE_MODULES = YES;
				CODE_SIGN_IDENTITY = "";
				DEFINES_MODULE = YES;
				DYLIB_COMPATIBILITY_VERSION = 1;
				DYLIB_CURRENT_VERSION = 1;
				DYLIB_INSTALL_NAME_BASE = "@rpath";
				INFOPLIST_FILE = CollapsibleTableSectionViewController/Info.plist;
				INSTALL_PATH = "$(LOCAL_LIBRARY_DIR)/Frameworks";
				IPHONEOS_DEPLOYMENT_TARGET = 9.0;
				LD_RUNPATH_SEARCH_PATHS = "$(inherited) @executable_path/Frameworks @loader_path/Frameworks";
				PRODUCT_BUNDLE_IDENTIFIER = com.lr.CollapsibleTableSectionViewController;
				PRODUCT_NAME = "$(TARGET_NAME)";
				SKIP_INSTALL = YES;
				SWIFT_OPTIMIZATION_LEVEL = "-Onone";
				SWIFT_VERSION = 4.0;
			};
			name = Debug;
		};
		0A8BD6821F231B2C003D6155 /* Release */ = {
			isa = XCBuildConfiguration;
			buildSettings = {
				CLANG_ENABLE_MODULES = YES;
				CODE_SIGN_IDENTITY = "";
				DEFINES_MODULE = YES;
				DYLIB_COMPATIBILITY_VERSION = 1;
				DYLIB_CURRENT_VERSION = 1;
				DYLIB_INSTALL_NAME_BASE = "@rpath";
				INFOPLIST_FILE = CollapsibleTableSectionViewController/Info.plist;
				INSTALL_PATH = "$(LOCAL_LIBRARY_DIR)/Frameworks";
				IPHONEOS_DEPLOYMENT_TARGET = 9.0;
				LD_RUNPATH_SEARCH_PATHS = "$(inherited) @executable_path/Frameworks @loader_path/Frameworks";
				PRODUCT_BUNDLE_IDENTIFIER = com.lr.CollapsibleTableSectionViewController;
				PRODUCT_NAME = "$(TARGET_NAME)";
				SKIP_INSTALL = YES;
				SWIFT_VERSION = 4.0;
			};
			name = Release;
		};
/* End XCBuildConfiguration section */

/* Begin XCConfigurationList section */
		0A8BD6661F231B2C003D6155 /* Build configuration list for PBXProject "CollapsibleSectionTableView" */ = {
			isa = XCConfigurationList;
			buildConfigurations = (
				0A8BD67E1F231B2C003D6155 /* Debug */,
				0A8BD67F1F231B2C003D6155 /* Release */,
			);
			defaultConfigurationIsVisible = 0;
			defaultConfigurationName = Release;
		};
		0A8BD6801F231B2C003D6155 /* Build configuration list for PBXNativeTarget "CollapsibleSectionTableView" */ = {
			isa = XCConfigurationList;
			buildConfigurations = (
				0A8BD6811F231B2C003D6155 /* Debug */,
				0A8BD6821F231B2C003D6155 /* Release */,
			);
			defaultConfigurationIsVisible = 0;
			defaultConfigurationName = Release;
		};
/* End XCConfigurationList section */
	};
	rootObject = 0A8BD6631F231B2C003D6155 /* Project object */;
}
